# This file is autogenerated, do not edit; changes may be undone by the next 'dep ensure'.


[[projects]]
  digest = "1:1ca95505ec8a6d69762d2b5d9ab7e66ae619365b2e26031e220b675ff6fb010b"
  name = "github.com/atotto/clipboard"
  packages = ["."]
  pruneopts = "UT"
  revision = "aa9549103943c05f3e8951009cdb6a0bec2c8949"
  version = "v0.1.1"

[[projects]]
  digest = "1:236d7e1bdb50d8f68559af37dbcf9d142d56b431c9b2176d41e2a009b664cda8"
  name = "github.com/google/uuid"
  packages = ["."]
  pruneopts = "UT"
  revision = "9b3b1e0f5f99ae461456d768e7d301a7acdaa2d8"
  version = "v1.1.0"

[solve-meta]
  analyzer-name = "dep"
  analyzer-version = 1
  input-imports = [
    "github.com/atotto/clipboard",
    "github.com/google/uuid",
  ]
  solver-name = "gps-cdcl"
  solver-version = 1
